# THIS IS AN AUTOGENERATED FILE. DO NOT EDIT THIS FILE DIRECTLY.
# yarn lockfile v1


create-expo-app@^1.1.5:
  version "1.1.5"
  resolved "https://registry.yarnpkg.com/create-expo-app/-/create-expo-app-1.1.5.tgz#a67b5855b4c8f5d534d3fd050164b883f24a7ea8"
  integrity sha512-/Q/eBZG8GA8kS6A6vp7MRbHEAg2vU0Bn2/1h8yrc9oVVvPQJwmLzhhkyjbdsirFTb/tvimoL22zHSb22f5/LIw==

create-vite@^4.1.0:
  version "4.1.0"
  resolved "https://registry.yarnpkg.com/create-vite/-/create-vite-4.1.0.tgz#107931dd181c8caa32ae32152367ac76c6d9d7ae"
  integrity sha512-IQAkwLJcp/6fQUnB2CBxTnsT5xfaHDUTCUi/LLWZTrzfrhVvtoKv9eHuXoG+XzyOyNgqUPJi9aNzwTXqSHw8Vg==
